dependencies:
- name: shipping-service
  repository: file://../shipping-service
  version: 1.0.1
- name: notification-service
  repository: file://../notification-service
  version: 1.0.1
- name: shipping-postgres
  repository: file://../shipping-postgres
  version: 1.0.0
- name: shipping-kafka
  repository: file://../shipping-kafka
  version: 1.0.0
digest: sha256:6c1847010bfe3b0d37e26b16ef6879f5b94bf96e24bd5188ed4afa6fd0c94724
generated: "2026-10-08T18:58:15.204054908-04:00"
